{
  "name": "@garfish/router",
  "version": "0.0.59-alpha.0.2",
  "lockfileVersion": 1,
  "requires": true,
  "dependencies": {
    "@garfish/utils": {
      "version": "0.0.30",
      "resolved": "https://registry.npmjs.org/@garfish/utils/-/utils-0.0.30.tgz",
      "integrity": "sha512-pRv5az0Gqy1lbAp7WDQ7C++/Qw0vOpPXybPkpwsgrEqUhRdqAALXhyi9JT/DbqC7OiY+K5ycW2Db0Nuuo+ahbA=="
    }
  }
}
