{
  "name": "@garfish/browser-vm",
  "version": "0.0.59-alpha.0.2",
  "lockfileVersion": 1,
  "requires": true,
  "dependencies": {
    "@garfish/core": {
      "version": "0.0.30",
      "resolved": "https://registry.npmjs.org/@garfish/core/-/core-0.0.30.tgz",
      "integrity": "sha512-zTYDlCr5jQPUJb9EIxtQzWGw5xbQfbESssBQRnBasn8ehYrHjEIXG0QumPjkWUKYpG0oRbO3qKT/ghknrGJ7vA==",
      "dev": true,
      "requires": {
        "@garfish/hooks": "^0.0.30",
        "@garfish/loader": "^0.0.30",
        "@garfish/utils": "^0.0.30"
      },
      "dependencies": {
        "@garfish/hooks": {
          "version": "0.0.30",
          "resolved": "https://registry.npmjs.org/@garfish/hooks/-/hooks-0.0.30.tgz",
          "integrity": "sha512-IVHmIq/eX2ZqtFnYKok6UuXxBFtnZWrn4OK8jtLSXtFKtN3H+RdlmS8vwCjzVQ1hQ05Gb6cYV4ZdATQH6meKBQ==",
          "dev": true
        },
        "@garfish/utils": {
          "version": "0.0.30",
          "resolved": "https://registry.npmjs.org/@garfish/utils/-/utils-0.0.30.tgz",
          "integrity": "sha512-pRv5az0Gqy1lbAp7WDQ7C++/Qw0vOpPXybPkpwsgrEqUhRdqAALXhyi9JT/DbqC7OiY+K5ycW2Db0Nuuo+ahbA==",
          "dev": true
        }
      }
    },
    "@garfish/loader": {
      "version": "0.0.30",
      "resolved": "https://registry.npmjs.org/@garfish/loader/-/loader-0.0.30.tgz",
      "integrity": "sha512-xDRFfKHOQIBB3q88L1v+spWFgA1BmN20HBtHd1E2xU+TeH0qz875bWcW0gpDRynM5MRKwmaJjTaE4p/502oTwQ==",
      "requires": {
        "@garfish/utils": "^0.0.30",
        "himalaya": "1.1.0"
      },
      "dependencies": {
        "@garfish/utils": {
          "version": "0.0.30",
          "resolved": "https://registry.npmjs.org/@garfish/utils/-/utils-0.0.30.tgz",
          "integrity": "sha512-pRv5az0Gqy1lbAp7WDQ7C++/Qw0vOpPXybPkpwsgrEqUhRdqAALXhyi9JT/DbqC7OiY+K5ycW2Db0Nuuo+ahbA=="
        }
      }
    },
    "himalaya": {
      "version": "1.1.0",
      "resolved": "https://registry.npmjs.org/himalaya/-/himalaya-1.1.0.tgz",
      "integrity": "sha512-LLase1dHCRMel68/HZTFft0N0wti0epHr3nNY7ynpLbyZpmrKMQ8YIpiOV77TM97cNpC8Wb2n6f66IRggwdWPw=="
    }
  }
}
